
Microsoft Visual Studio Solution File, Format Version 12.00
# Visual Studio Version 16
VisualStudioVersion = 16.0.31025.194
MinimumVisualStudioVersion = 10.0.40219.1
Project("{FAE04EC0-301F-11D3-BF4B-00C04F79EFBC}") = "CarMarket", "CarMarket\CarMarket.csproj", "{1C0278FA-276A-4630-BA02-B38EF530A509}"
EndProject
Global
	GlobalSection(SolutionConfigurationPlatforms) = preSolution
		Debug|Any CPU = Debug|Any CPU
		Release|Any CPU = Release|Any CPU
	EndGlobalSection
	GlobalSection(ProjectConfigurationPlatforms) = postSolution
		{1C0278FA-276A-4630-BA02-B38EF530A509}.Debug|Any CPU.ActiveCfg = Debug|Any CPU
		{1C0278FA-276A-4630-BA02-B38EF530A509}.Debug|Any CPU.Build.0 = Debug|Any CPU
		{1C0278FA-276A-4630-BA02-B38EF530A509}.Release|Any CPU.ActiveCfg = Release|Any CPU
		{1C0278FA-276A-4630-BA02-B38EF530A509}.Release|Any CPU.Build.0 = Release|Any CPU
	EndGlobalSection
	GlobalSection(SolutionProperties) = preSolution
		HideSolutionNode = FALSE
	EndGlobalSection
	GlobalSection(ExtensibilityGlobals) = postSolution
		SolutionGuid = {7B0215D6-CD94-4C6F-902D-9997669B8C62}
	EndGlobalSection
EndGlobal
